{
  "name": "env_changes",
  "version": "0.0.1",
  "lockfileVersion": 3,
  "requires": true,
  "packages": {
    "": {
      "name": "env_changes",
      "version": "0.0.1",
      "dependencies": {
        "json-diff": "^1.0.6",
        "jsonminify": "^0.4.2",
        "typescript": "^5.3.3"
      },
      "bin": {
        "envs": "dist/src/index.js"
      },
      "devDependencies": {
        "@types/json-diff": "^1.0.2",
        "@types/jsonminify": "^0.4.3",
        "@types/node": "^20.11.19"
      }
    },
    "node_modules/@ewoudenberg/difflib": {
      "version": "0.1.0",
      "resolved": "https://registry.npmjs.org/@ewoudenberg/difflib/-/difflib-0.1.0.tgz",
      "integrity": "sha512-OU5P5mJyD3OoWYMWY+yIgwvgNS9cFAU10f+DDuvtogcWQOoJIsQ4Hy2McSfUfhKjq8L0FuWVb4Rt7kgA+XK86A==",
      "dependencies": {
        "heap": ">= 0.2.0"
      }
    },
    "node_modules/@types/json-diff": {
      "version": "1.0.2",
      "resolved": "https://registry.npmjs.org/@types/json-diff/-/json-diff-1.0.2.tgz",
      "integrity": "sha512-XsYtsD5ih3imV3W+e2/ick1rMqs1ERG2uW3EJPPgF6PndPmf+sci2PtR3wOd7u4Di2wn3gU/EPql/2AYdKqqDw==",
      "dev": true
    },
    "node_modules/@types/jsonminify": {
      "version": "0.4.3",
      "resolved": "https://registry.npmjs.org/@types/jsonminify/-/jsonminify-0.4.3.tgz",
      "integrity": "sha512-+oz7EbPz1Nwmn/sr3UztgXpRhdFpvFrjGi5ictEYxUri5ZvQMTcdTi36MTfD/gCb1A5xhJKdH8Hwz2uz5k6s9A==",
      "dev": true
    },
    "node_modules/@types/node": {
      "version": "20.11.19",
      "resolved": "https://registry.npmjs.org/@types/node/-/node-20.11.19.tgz",
      "integrity": "sha512-7xMnVEcZFu0DikYjWOlRq7NTPETrm7teqUT2WkQjrTIkEgUyyGdWsj/Zg8bEJt5TNklzbPD1X3fqfsHw3SpapQ==",
      "dev": true,
      "dependencies": {
        "undici-types": "~5.26.4"
      }
    },
    "node_modules/colors": {
      "version": "1.4.0",
      "resolved": "https://registry.npmjs.org/colors/-/colors-1.4.0.tgz",
      "integrity": "sha512-a+UqTh4kgZg/SlGvfbzDHpgRu7AAQOmmqRHJnxhRZICKFUT91brVhNNt58CMWU9PsBbv3PDCZUHbVxuDiH2mtA==",
      "engines": {
        "node": ">=0.1.90"
      }
    },
    "node_modules/dreamopt": {
      "version": "0.8.0",
      "resolved": "https://registry.npmjs.org/dreamopt/-/dreamopt-0.8.0.tgz",
      "integrity": "sha512-vyJTp8+mC+G+5dfgsY+r3ckxlz+QMX40VjPQsZc5gxVAxLmi64TBoVkP54A/pRAXMXsbu2GMMBrZPxNv23waMg==",
      "dependencies": {
        "wordwrap": ">=0.0.2"
      },
      "engines": {
        "node": ">=0.4.0"
      }
    },
    "node_modules/heap": {
      "version": "0.2.7",
      "resolved": "https://registry.npmjs.org/heap/-/heap-0.2.7.tgz",
      "integrity": "sha512-2bsegYkkHO+h/9MGbn6KWcE45cHZgPANo5LXF7EvWdT0yT2EguSVO1nDgU5c8+ZOPwp2vMNa7YFsJhVcDR9Sdg=="
    },
    "node_modules/json-diff": {
      "version": "1.0.6",
      "resolved": "https://registry.npmjs.org/json-diff/-/json-diff-1.0.6.tgz",
      "integrity": "sha512-tcFIPRdlc35YkYdGxcamJjllUhXWv4n2rK9oJ2RsAzV4FBkuV4ojKEDgcZ+kpKxDmJKv+PFK65+1tVVOnSeEqA==",
      "dependencies": {
        "@ewoudenberg/difflib": "0.1.0",
        "colors": "^1.4.0",
        "dreamopt": "~0.8.0"
      },
      "bin": {
        "json-diff": "bin/json-diff.js"
      },
      "engines": {
        "node": "*"
      }
    },
    "node_modules/jsonminify": {
      "version": "0.4.2",
      "resolved": "https://registry.npmjs.org/jsonminify/-/jsonminify-0.4.2.tgz",
      "integrity": "sha512-mEtP5ECD0293D+s45JhDutqF5mFCkWY8ClrPFxjSFR2KUoantofky7noSzyKnAnD9Gd8pXHZSUd5bgzLDUBbfA==",
      "engines": {
        "node": ">=0.8.0",
        "npm": ">=1.1.0"
      }
    },
    "node_modules/typescript": {
      "version": "5.3.3",
      "resolved": "https://registry.npmjs.org/typescript/-/typescript-5.3.3.tgz",
      "integrity": "sha512-pXWcraxM0uxAS+tN0AG/BF2TyqmHO014Z070UsJ+pFvYuRSq8KH8DmWpnbXe0pEPDHXZV3FcAbJkijJ5oNEnWw==",
      "bin": {
        "tsc": "bin/tsc",
        "tsserver": "bin/tsserver"
      },
      "engines": {
        "node": ">=14.17"
      }
    },
    "node_modules/undici-types": {
      "version": "5.26.5",
      "resolved": "https://registry.npmjs.org/undici-types/-/undici-types-5.26.5.tgz",
      "integrity": "sha512-JlCMO+ehdEIKqlFxk6IfVoAUVmgz7cU7zD/h9XZ0qzeosSHmUJVOzSQvvYSYWXkFXC+IfLKSIffhv0sVZup6pA==",
      "dev": true
    },
    "node_modules/wordwrap": {
      "version": "1.0.0",
      "resolved": "https://registry.npmjs.org/wordwrap/-/wordwrap-1.0.0.tgz",
      "integrity": "sha512-gvVzJFlPycKc5dZN4yPkP8w7Dc37BtP1yczEneOb4uq34pXZcvrtRTmWV8W+Ume+XCxKgbjM+nevkyFPMybd4Q=="
    }
  }
}
